<?xml version="1.0" encoding="utf-8"?>
<Project ToolsVersion="4.0" xmlns="http://schemas.microsoft.com/developer/msbuild/2003">
  <ItemGroup>
    <Filter Include="Source Files">
      <UniqueIdentifier>{deb83708-b35f-4777-9677-31d8a8eea44a}</UniqueIdentifier>
      <Extensions>cpp;c;cxx;rc;def;r;odl;idl;hpj;bat</Extensions>
    </Filter>
    <Filter Include="Header Files">
      <UniqueIdentifier>{6b90e848-93b2-409e-b63e-9732b8e9c381}</UniqueIdentifier>
      <Extensions>h;hpp;hxx;hm;inl</Extensions>
    </Filter>
    <Filter Include="Resource Files">
      <UniqueIdentifier>{eb7ff628-0e51-46c0-8cb7-36a5382fd521}</UniqueIdentifier>
      <Extensions>ico;cur;bmp;dlg;rc2;rct;bin;rgs;gif;jpg;jpeg;jpe</Extensions>
    </Filter>
  </ItemGroup>
  <ItemGroup>
    <ClCompile Include="air.cpp">
      <Filter>Source Files</Filter>
    </ClCompile>
    <ClCompile Include="Alarmdlg.cpp">
      <Filter>Source Files</Filter>
    </ClCompile>
    <ClCompile Include="ColorEdit.cpp">
      <Filter>Source Files</Filter>
    </ClCompile>
    <ClCompile Include="ColorListCtrl.cpp">
      <Filter>Source Files</Filter>
    </ClCompile>
    <ClCompile Include="Colorstatic.cpp">
      <Filter>Source Files</Filter>
    </ClCompile>
    <ClCompile Include="compdlg.cpp">
      <Filter>Source Files</Filter>
    </ClCompile>
    <ClCompile Include="Connectindlg.cpp">
      <Filter>Source Files</Filter>
    </ClCompile>
    <ClCompile Include="globaldlg.cpp">
      <Filter>Source Files</Filter>
    </ClCompile>
    <ClCompile Include="HoverEdit.cpp">
      <Filter>Source Files</Filter>
    </ClCompile>
    <ClCompile Include="Inputstrdlg.cpp">
      <Filter>Source Files</Filter>
    </ClCompile>
    <ClCompile Include="MainFrm.cpp">
      <Filter>Source Files</Filter>
    </ClCompile>
    <ClCompile Include="MDS.cpp">
      <Filter>Source Files</Filter>
    </ClCompile>
    <ClCompile Include="MDSDoc.cpp">
      <Filter>Source Files</Filter>
    </ClCompile>
    <ClCompile Include="MDSView.cpp">
      <Filter>Source Files</Filter>
    </ClCompile>
    <ClCompile Include="MESSAGEBOXDLG.cpp">
      <Filter>Source Files</Filter>
    </ClCompile>
    <ClCompile Include="mod_slave_cfg.cpp">
      <Filter>Source Files</Filter>
    </ClCompile>
    <ClCompile Include="modoutdlg.cpp">
      <Filter>Source Files</Filter>
    </ClCompile>
    <ClCompile Include="mscomm.cpp">
      <Filter>Source Files</Filter>
    </ClCompile>
    <ClCompile Include="Passworddlg.cpp">
      <Filter>Source Files</Filter>
    </ClCompile>
    <ClCompile Include="Specilcmddlg.cpp">
      <Filter>Source Files</Filter>
    </ClCompile>
    <ClCompile Include="StdAfx.cpp">
      <Filter>Source Files</Filter>
    </ClCompile>
    <ClCompile Include="Testcodedlg.cpp">
      <Filter>Source Files</Filter>
    </ClCompile>
    <ClCompile Include="waitpdf.cpp">
      <Filter>Source Files</Filter>
    </ClCompile>
    <ClCompile Include="XPButton.cpp">
      <Filter>Source Files</Filter>
    </ClCompile>
    <ClCompile Include="AddConfig.cpp">
      <Filter>Source Files</Filter>
    </ClCompile>
    <ClCompile Include="ColorLabel.cpp">
      <Filter>Source Files</Filter>
    </ClCompile>
    <ClCompile Include="BaseClient.cpp">
      <Filter>Source Files</Filter>
    </ClCompile>
    <ClCompile Include="HttpClient.cpp">
      <Filter>Source Files</Filter>
    </ClCompile>
    <ClCompile Include="HttpsClient.cpp">
      <Filter>Source Files</Filter>
    </ClCompile>
    <ClCompile Include="LoginService.cpp">
      <Filter>Source Files</Filter>
    </ClCompile>
    <ClCompile Include="StaticUtility.cpp">
      <Filter>Source Files</Filter>
    </ClCompile>
  </ItemGroup>
  <ItemGroup>
    <ResourceCompile Include="MDS.rc">
      <Filter>Source Files</Filter>
    </ResourceCompile>
  </ItemGroup>
  <ItemGroup>
    <ClInclude Include="air.h">
      <Filter>Header Files</Filter>
    </ClInclude>
    <ClInclude Include="Alarmdlg.h">
      <Filter>Header Files</Filter>
    </ClInclude>
    <ClInclude Include="ColorEdit.h">
      <Filter>Header Files</Filter>
    </ClInclude>
    <ClInclude Include="ColorListCtrl.h">
      <Filter>Header Files</Filter>
    </ClInclude>
    <ClInclude Include="Colorstatic.h">
      <Filter>Header Files</Filter>
    </ClInclude>
    <ClInclude Include="compdlg.h">
      <Filter>Header Files</Filter>
    </ClInclude>
    <ClInclude Include="Connectindlg.h">
      <Filter>Header Files</Filter>
    </ClInclude>
    <ClInclude Include="globaldlg.h">
      <Filter>Header Files</Filter>
    </ClInclude>
    <ClInclude Include="HoverEdit.h">
      <Filter>Header Files</Filter>
    </ClInclude>
    <ClInclude Include="Inputstrdlg.h">
      <Filter>Header Files</Filter>
    </ClInclude>
    <ClInclude Include="MainFrm.h">
      <Filter>Header Files</Filter>
    </ClInclude>
    <ClInclude Include="MDS.h">
      <Filter>Header Files</Filter>
    </ClInclude>
    <ClInclude Include="MDSDoc.h">
      <Filter>Header Files</Filter>
    </ClInclude>
    <ClInclude Include="MDSView.h">
      <Filter>Header Files</Filter>
    </ClInclude>
    <ClInclude Include="MESSAGEBOXDLG.h">
      <Filter>Header Files</Filter>
    </ClInclude>
    <ClInclude Include="mod_slave_cfg.h">
      <Filter>Header Files</Filter>
    </ClInclude>
    <ClInclude Include="modoutdlg.h">
      <Filter>Header Files</Filter>
    </ClInclude>
    <ClInclude Include="mscomm.h">
      <Filter>Header Files</Filter>
    </ClInclude>
    <ClInclude Include="Passworddlg.h">
      <Filter>Header Files</Filter>
    </ClInclude>
    <ClInclude Include="Resource.h">
      <Filter>Header Files</Filter>
    </ClInclude>
    <ClInclude Include="SentinelKeys.h">
      <Filter>Header Files</Filter>
    </ClInclude>
    <ClInclude Include="SentinelKeysLicense.h">
      <Filter>Header Files</Filter>
    </ClInclude>
    <ClInclude Include="SentinelKeystypes.h">
      <Filter>Header Files</Filter>
    </ClInclude>
    <ClInclude Include="Specilcmddlg.h">
      <Filter>Header Files</Filter>
    </ClInclude>
    <ClInclude Include="StdAfx.h">
      <Filter>Header Files</Filter>
    </ClInclude>
    <ClInclude Include="Testcodedlg.h">
      <Filter>Header Files</Filter>
    </ClInclude>
    <ClInclude Include="TrackControl.h">
      <Filter>Header Files</Filter>
    </ClInclude>
    <ClInclude Include="waitpdf.h">
      <Filter>Header Files</Filter>
    </ClInclude>
    <ClInclude Include="XPButton.h">
      <Filter>Header Files</Filter>
    </ClInclude>
    <ClInclude Include="AddConfig.h">
      <Filter>Header Files</Filter>
    </ClInclude>
    <ClInclude Include="ColorLabel.h">
      <Filter>Header Files</Filter>
    </ClInclude>
    <ClInclude Include="BaseClient.h">
      <Filter>Header Files</Filter>
    </ClInclude>
    <ClInclude Include="HttpClient.h">
      <Filter>Header Files</Filter>
    </ClInclude>
    <ClInclude Include="HttpsClient.h">
      <Filter>Header Files</Filter>
    </ClInclude>
    <ClInclude Include="LoginService.h">
      <Filter>Header Files</Filter>
    </ClInclude>
    <ClInclude Include="StaticUtility.h">
      <Filter>Header Files</Filter>
    </ClInclude>
  </ItemGroup>
  <ItemGroup>
    <CustomBuild Include="animat3.ico">
      <Filter>Resource Files</Filter>
    </CustomBuild>
    <CustomBuild Include="res\animat3.ico">
      <Filter>Resource Files</Filter>
    </CustomBuild>
    <CustomBuild Include="res\bitmap2.bmp">
      <Filter>Resource Files</Filter>
    </CustomBuild>
    <CustomBuild Include="res\codeoffb.bmp">
      <Filter>Resource Files</Filter>
    </CustomBuild>
    <CustomBuild Include="res\codeonbm.bmp">
      <Filter>Resource Files</Filter>
    </CustomBuild>
    <CustomBuild Include="res\fbackoff.bmp">
      <Filter>Resource Files</Filter>
    </CustomBuild>
    <CustomBuild Include="res\icon1.ico">
      <Filter>Resource Files</Filter>
    </CustomBuild>
    <CustomBuild Include="res\logo2.bmp">
      <Filter>Resource Files</Filter>
    </CustomBuild>
    <CustomBuild Include="res\MCC-STOP.bmp">
      <Filter>Resource Files</Filter>
    </CustomBuild>
    <CustomBuild Include="res\MCC-停机.bmp">
      <Filter>Resource Files</Filter>
    </CustomBuild>
    <CustomBuild Include="res\MCC－COOL.bmp">
      <Filter>Resource Files</Filter>
    </CustomBuild>
    <CustomBuild Include="res\MCC－HOT.bmp">
      <Filter>Resource Files</Filter>
    </CustomBuild>
    <CustomBuild Include="res\MCKCOOL.bmp">
      <Filter>Resource Files</Filter>
    </CustomBuild>
    <CustomBuild Include="res\MCK－HOT.bmp">
      <Filter>Resource Files</Filter>
    </CustomBuild>
    <CustomBuild Include="res\MCK－STOP.bmp">
      <Filter>Resource Files</Filter>
    </CustomBuild>
    <CustomBuild Include="res\MCM_COOL.bmp">
      <Filter>Resource Files</Filter>
    </CustomBuild>
    <CustomBuild Include="res\MCM_HOT.bmp">
      <Filter>Resource Files</Filter>
    </CustomBuild>
    <CustomBuild Include="res\MCM_STOP.bmp">
      <Filter>Resource Files</Filter>
    </CustomBuild>
    <CustomBuild Include="res\McQuay.bmp">
      <Filter>Resource Files</Filter>
    </CustomBuild>
    <CustomBuild Include="res\McQuayOk 5.bmp">
      <Filter>Resource Files</Filter>
    </CustomBuild>
    <CustomBuild Include="res\mdbcoolb.bmp">
      <Filter>Resource Files</Filter>
    </CustomBuild>
    <CustomBuild Include="res\mdbhotbm.bmp">
      <Filter>Resource Files</Filter>
    </CustomBuild>
    <CustomBuild Include="res\mdbstopb.bmp">
      <Filter>Resource Files</Filter>
    </CustomBuild>
    <CustomBuild Include="res\MDS.ico">
      <Filter>Resource Files</Filter>
    </CustomBuild>
    <CustomBuild Include="res\MDS.rc2">
      <Filter>Resource Files</Filter>
    </CustomBuild>
    <CustomBuild Include="res\MDSDoc.ico">
      <Filter>Resource Files</Filter>
    </CustomBuild>
    <CustomBuild Include="res\outdoor.bmp">
      <Filter>Resource Files</Filter>
    </CustomBuild>
    <CustomBuild Include="ReadMe.txt" />
  </ItemGroup>
</Project>